
Microsoft Visual Studio Solution File, Format Version 12.00
# Visual Studio Version 17
VisualStudioVersion = 17.8.34330.188
MinimumVisualStudioVersion = 10.0.40219.1
Project("{FAE04EC0-301F-11D3-BF4B-00C04F79EFBC}") = "TarjanAlgorithm", "TarjanAlgorithm\TarjanAlgorithm.csproj", "{20652630-9B99-4547-9CA5-486AB85A814D}"
EndProject
Global
	GlobalSection(SolutionConfigurationPlatforms) = preSolution
		Debug|Any CPU = Debug|Any CPU
		Release|Any CPU = Release|Any CPU
	EndGlobalSection
	GlobalSection(ProjectConfigurationPlatforms) = postSolution
		{20652630-9B99-4547-9CA5-486AB85A814D}.Debug|Any CPU.ActiveCfg = Debug|Any CPU
		{20652630-9B99-4547-9CA5-486AB85A814D}.Debug|Any CPU.Build.0 = Debug|Any CPU
		{20652630-9B99-4547-9CA5-486AB85A814D}.Release|Any CPU.ActiveCfg = Release|Any CPU
		{20652630-9B99-4547-9CA5-486AB85A814D}.Release|Any CPU.Build.0 = Release|Any CPU
	EndGlobalSection
	GlobalSection(SolutionProperties) = preSolution
		HideSolutionNode = FALSE
	EndGlobalSection
	GlobalSection(ExtensibilityGlobals) = postSolution
		SolutionGuid = {9DF11608-F274-4836-BD74-5173853616CB}
	EndGlobalSection
EndGlobal
